// !$*UTF8*$!
{
	archiveVersion = 1;
	classes = {
	};
	objectVersion = 51;
	objects = {

/* Begin PBXBuildFile section */
		BD0F0A232335FB8E005FEEAD /* swiftgen.yml in Resources */ = {isa = PBXBuildFile; fileRef = BD0F0A222335FB8E005FEEAD /* swiftgen.yml */; };
		BD0F0A2C2335FEC2005FEEAD /* Localizable.strings in Resources */ = {isa = PBXBuildFile; fileRef = BD0F0A2B2335FEC2005FEEAD /* Localizable.strings */; };
		BD3DD1D523360DAC00AC8B2A /* .gitignore in Resources */ = {isa = PBXBuildFile; fileRef = BD3DD1D423360DAC00AC8B2A /* .gitignore */; };
		BD5C3F2623391F380026F1B8 /* strings.swift in Sources */ = {isa = PBXBuildFile; fileRef = BD5C3F2423391F380026F1B8 /* strings.swift */; };
		BD5C3F2723391F380026F1B8 /* assets-images.swift in Sources */ = {isa = PBXBuildFile; fileRef = BD5C3F2523391F380026F1B8 /* assets-images.swift */; };
		BD8C3A5E23100BFD00F8D896 /* AnswerCell.swift in Sources */ = {isa = PBXBuildFile; fileRef = BD8C3A5D23100BFD00F8D896 /* AnswerCell.swift */; };
		BD8C3A6323100F1500F8D896 /* LaunchScreen.storyboard in Resources */ = {isa = PBXBuildFile; fileRef = BD8C3A6223100E4A00F8D896 /* LaunchScreen.storyboard */; };
		BD8C3A68231011A800F8D896 /* Answer.swift in Sources */ = {isa = PBXBuildFile; fileRef = BD8C3A67231011A700F8D896 /* Answer.swift */; };
		BDA0E4CE233BAFDD00403703 /* colors.swift in Sources */ = {isa = PBXBuildFile; fileRef = BDA0E4CD233BAFDD00403703 /* colors.swift */; };
		BDA0E4D0233BB06800403703 /* colors.json in Resources */ = {isa = PBXBuildFile; fileRef = BDA0E4CF233BB06800403703 /* colors.json */; };
		BDAD481C233F313200782B74 /* DependencyContainer.swift in Sources */ = {isa = PBXBuildFile; fileRef = BDAD481B233F313200782B74 /* DependencyContainer.swift */; };
		BDDAFFEA23101721002B3BEF /* AnswerProvider.swift in Sources */ = {isa = PBXBuildFile; fileRef = BDDAFFE923101721002B3BEF /* AnswerProvider.swift */; };
		BDDAFFEC231017E1002B3BEF /* OnlineAnswerProvider.swift in Sources */ = {isa = PBXBuildFile; fileRef = BDDAFFEB231017E1002B3BEF /* OnlineAnswerProvider.swift */; };
		BDDAFFF023101E64002B3BEF /* Storage.swift in Sources */ = {isa = PBXBuildFile; fileRef = BDDAFFEF23101E64002B3BEF /* Storage.swift */; };
		BDDAFFF223101F65002B3BEF /* AnswerStoreJSON.swift in Sources */ = {isa = PBXBuildFile; fileRef = BDDAFFF123101F65002B3BEF /* AnswerStoreJSON.swift */; };
		BDDAFFF423102053002B3BEF /* OfflineAnswerProvider.swift in Sources */ = {isa = PBXBuildFile; fileRef = BDDAFFF323102053002B3BEF /* OfflineAnswerProvider.swift */; };
		BDDAFFF923102290002B3BEF /* defaultAnswers.txt in Resources */ = {isa = PBXBuildFile; fileRef = BDDAFFF823102290002B3BEF /* defaultAnswers.txt */; };
		BDDAFFFB231022E0002B3BEF /* BallViewController.swift in Sources */ = {isa = PBXBuildFile; fileRef = BDDAFFFA231022E0002B3BEF /* BallViewController.swift */; };
		BDDAFFFC23102313002B3BEF /* UIView+Extension.swift in Sources */ = {isa = PBXBuildFile; fileRef = BDDAFFF6231021AB002B3BEF /* UIView+Extension.swift */; };
		BDDAFFFD23102315002B3BEF /* UserInputAlert.swift in Sources */ = {isa = PBXBuildFile; fileRef = BDDAFFF7231021AB002B3BEF /* UserInputAlert.swift */; };
		BDDAFFFF231024D9002B3BEF /* AnswersListController.swift in Sources */ = {isa = PBXBuildFile; fileRef = BDDAFFFE231024D9002B3BEF /* AnswersListController.swift */; };
		BDE1BF53233DD1EA00AFAD63 /* BallViewModel.swift in Sources */ = {isa = PBXBuildFile; fileRef = BDE1BF52233DD1EA00AFAD63 /* BallViewModel.swift */; };
		BDE1BF55233DD24100AFAD63 /* AnswersListViewModel.swift in Sources */ = {isa = PBXBuildFile; fileRef = BDE1BF54233DD24100AFAD63 /* AnswersListViewModel.swift */; };
		BDE1BF5B233DE38E00AFAD63 /* Main.storyboard in Resources */ = {isa = PBXBuildFile; fileRef = BDE1BF5A233DE38E00AFAD63 /* Main.storyboard */; };
		BDE1BF5F233DE8E600AFAD63 /* segues.swift in Sources */ = {isa = PBXBuildFile; fileRef = BDE1BF5E233DE8E600AFAD63 /* segues.swift */; };
		BDE1BF67233E1CB600AFAD63 /* BallModel.swift in Sources */ = {isa = PBXBuildFile; fileRef = BDE1BF66233E1CB600AFAD63 /* BallModel.swift */; };
		BDE1BF69233E1CC200AFAD63 /* AnswersListModel.swift in Sources */ = {isa = PBXBuildFile; fileRef = BDE1BF68233E1CC200AFAD63 /* AnswersListModel.swift */; };
		BDE1BF6B233E20D800AFAD63 /* PresentableAnswer.swift in Sources */ = {isa = PBXBuildFile; fileRef = BDE1BF6A233E20D800AFAD63 /* PresentableAnswer.swift */; };
		BDFA23AF2306528400807EB8 /* AppDelegate.swift in Sources */ = {isa = PBXBuildFile; fileRef = BDFA23AE2306528400807EB8 /* AppDelegate.swift */; };
		BDFA23B62306528500807EB8 /* Assets.xcassets in Resources */ = {isa = PBXBuildFile; fileRef = BDFA23B52306528500807EB8 /* Assets.xcassets */; };
		C79A310ED52C3283580E4A5A /* Pods_Baller.framework in Frameworks */ = {isa = PBXBuildFile; fileRef = A62C25DE1C97F505701A5666 /* Pods_Baller.framework */; };
/* End PBXBuildFile section */

/* Begin PBXFileReference section */
		A62C25DE1C97F505701A5666 /* Pods_Baller.framework */ = {isa = PBXFileReference; explicitFileType = wrapper.framework; includeInIndex = 0; path = Pods_Baller.framework; sourceTree = BUILT_PRODUCTS_DIR; };
		BD0F0A222335FB8E005FEEAD /* swiftgen.yml */ = {isa = PBXFileReference; fileEncoding = 4; lastKnownFileType = text.yaml; path = swiftgen.yml; sourceTree = SOURCE_ROOT; };
		BD0F0A2B2335FEC2005FEEAD /* Localizable.strings */ = {isa = PBXFileReference; lastKnownFileType = text.plist.strings; path = Localizable.strings; sourceTree = "<group>"; };
		BD3DD1D423360DAC00AC8B2A /* .gitignore */ = {isa = PBXFileReference; fileEncoding = 4; lastKnownFileType = text; path = .gitignore; sourceTree = SOURCE_ROOT; };
		BD5C3F2423391F380026F1B8 /* strings.swift */ = {isa = PBXFileReference; fileEncoding = 4; lastKnownFileType = sourcecode.swift; path = strings.swift; sourceTree = "<group>"; };
		BD5C3F2523391F380026F1B8 /* assets-images.swift */ = {isa = PBXFileReference; fileEncoding = 4; lastKnownFileType = sourcecode.swift; path = "assets-images.swift"; sourceTree = "<group>"; };
		BD8B4145231034AD001A3698 /* .swiftlint.yml */ = {isa = PBXFileReference; fileEncoding = 4; lastKnownFileType = text.yaml; name = .swiftlint.yml; path = ../.swiftlint.yml; sourceTree = "<group>"; };
		BD8C3A5D23100BFD00F8D896 /* AnswerCell.swift */ = {isa = PBXFileReference; fileEncoding = 4; lastKnownFileType = sourcecode.swift; path = AnswerCell.swift; sourceTree = "<group>"; };
		BD8C3A6223100E4A00F8D896 /* LaunchScreen.storyboard */ = {isa = PBXFileReference; lastKnownFileType = file.storyboard; path = LaunchScreen.storyboard; sourceTree = "<group>"; };
		BD8C3A67231011A700F8D896 /* Answer.swift */ = {isa = PBXFileReference; fileEncoding = 4; lastKnownFileType = sourcecode.swift; path = Answer.swift; sourceTree = "<group>"; };
		BDA0E4CD233BAFDD00403703 /* colors.swift */ = {isa = PBXFileReference; fileEncoding = 4; lastKnownFileType = sourcecode.swift; path = colors.swift; sourceTree = "<group>"; };
		BDA0E4CF233BB06800403703 /* colors.json */ = {isa = PBXFileReference; fileEncoding = 4; lastKnownFileType = text.json; path = colors.json; sourceTree = "<group>"; };
		BDAD481B233F313200782B74 /* DependencyContainer.swift */ = {isa = PBXFileReference; lastKnownFileType = sourcecode.swift; path = DependencyContainer.swift; sourceTree = "<group>"; };
		BDDAFFE923101721002B3BEF /* AnswerProvider.swift */ = {isa = PBXFileReference; fileEncoding = 4; lastKnownFileType = sourcecode.swift; path = AnswerProvider.swift; sourceTree = "<group>"; };
		BDDAFFEB231017E1002B3BEF /* OnlineAnswerProvider.swift */ = {isa = PBXFileReference; lastKnownFileType = sourcecode.swift; path = OnlineAnswerProvider.swift; sourceTree = "<group>"; };
		BDDAFFEF23101E64002B3BEF /* Storage.swift */ = {isa = PBXFileReference; fileEncoding = 4; lastKnownFileType = sourcecode.swift; path = Storage.swift; sourceTree = "<group>"; };
		BDDAFFF123101F65002B3BEF /* AnswerStoreJSON.swift */ = {isa = PBXFileReference; fileEncoding = 4; lastKnownFileType = sourcecode.swift; path = AnswerStoreJSON.swift; sourceTree = "<group>"; };
		BDDAFFF323102053002B3BEF /* OfflineAnswerProvider.swift */ = {isa = PBXFileReference; fileEncoding = 4; lastKnownFileType = sourcecode.swift; path = OfflineAnswerProvider.swift; sourceTree = "<group>"; };
		BDDAFFF6231021AB002B3BEF /* UIView+Extension.swift */ = {isa = PBXFileReference; lastKnownFileType = sourcecode.swift; path = "UIView+Extension.swift"; sourceTree = "<group>"; };
		BDDAFFF7231021AB002B3BEF /* UserInputAlert.swift */ = {isa = PBXFileReference; lastKnownFileType = sourcecode.swift; path = UserInputAlert.swift; sourceTree = "<group>"; };
		BDDAFFF823102290002B3BEF /* defaultAnswers.txt */ = {isa = PBXFileReference; fileEncoding = 4; lastKnownFileType = text; path = defaultAnswers.txt; sourceTree = "<group>"; };
		BDDAFFFA231022E0002B3BEF /* BallViewController.swift */ = {isa = PBXFileReference; fileEncoding = 4; lastKnownFileType = sourcecode.swift; path = BallViewController.swift; sourceTree = "<group>"; };
		BDDAFFFE231024D9002B3BEF /* AnswersListController.swift */ = {isa = PBXFileReference; fileEncoding = 4; lastKnownFileType = sourcecode.swift; path = AnswersListController.swift; sourceTree = "<group>"; };
		BDE1BF52233DD1EA00AFAD63 /* BallViewModel.swift */ = {isa = PBXFileReference; lastKnownFileType = sourcecode.swift; path = BallViewModel.swift; sourceTree = "<group>"; };
		BDE1BF54233DD24100AFAD63 /* AnswersListViewModel.swift */ = {isa = PBXFileReference; lastKnownFileType = sourcecode.swift; path = AnswersListViewModel.swift; sourceTree = "<group>"; };
		BDE1BF5A233DE38E00AFAD63 /* Main.storyboard */ = {isa = PBXFileReference; fileEncoding = 4; lastKnownFileType = file.storyboard; path = Main.storyboard; sourceTree = "<group>"; };
		BDE1BF5E233DE8E600AFAD63 /* segues.swift */ = {isa = PBXFileReference; fileEncoding = 4; lastKnownFileType = sourcecode.swift; path = segues.swift; sourceTree = "<group>"; };
		BDE1BF66233E1CB600AFAD63 /* BallModel.swift */ = {isa = PBXFileReference; lastKnownFileType = sourcecode.swift; path = BallModel.swift; sourceTree = "<group>"; };
		BDE1BF68233E1CC200AFAD63 /* AnswersListModel.swift */ = {isa = PBXFileReference; lastKnownFileType = sourcecode.swift; path = AnswersListModel.swift; sourceTree = "<group>"; };
		BDE1BF6A233E20D800AFAD63 /* PresentableAnswer.swift */ = {isa = PBXFileReference; lastKnownFileType = sourcecode.swift; path = PresentableAnswer.swift; sourceTree = "<group>"; };
		BDFA23AB2306528400807EB8 /* Baller.app */ = {isa = PBXFileReference; explicitFileType = wrapper.application; includeInIndex = 0; path = Baller.app; sourceTree = BUILT_PRODUCTS_DIR; };
		BDFA23AE2306528400807EB8 /* AppDelegate.swift */ = {isa = PBXFileReference; lastKnownFileType = sourcecode.swift; path = AppDelegate.swift; sourceTree = "<group>"; };
		BDFA23B52306528500807EB8 /* Assets.xcassets */ = {isa = PBXFileReference; lastKnownFileType = folder.assetcatalog; path = Assets.xcassets; sourceTree = "<group>"; };
		BDFA23BA2306528500807EB8 /* Info.plist */ = {isa = PBXFileReference; lastKnownFileType = text.plist.xml; path = Info.plist; sourceTree = "<group>"; };
		C0F2C387B5651EF1721E7A43 /* Pods-Baller.debug.xcconfig */ = {isa = PBXFileReference; includeInIndex = 1; lastKnownFileType = text.xcconfig; name = "Pods-Baller.debug.xcconfig"; path = "Target Support Files/Pods-Baller/Pods-Baller.debug.xcconfig"; sourceTree = "<group>"; };
		C8516DAD31581E3105E51C2F /* Pods-Baller.release.xcconfig */ = {isa = PBXFileReference; includeInIndex = 1; lastKnownFileType = text.xcconfig; name = "Pods-Baller.release.xcconfig"; path = "Target Support Files/Pods-Baller/Pods-Baller.release.xcconfig"; sourceTree = "<group>"; };
/* End PBXFileReference section */

/* Begin PBXFrameworksBuildPhase section */
		BDFA23A82306528300807EB8 /* Frameworks */ = {
			isa = PBXFrameworksBuildPhase;
			buildActionMask = 2147483647;
			files = (
				C79A310ED52C3283580E4A5A /* Pods_Baller.framework in Frameworks */,
			);
			runOnlyForDeploymentPostprocessing = 0;
		};
/* End PBXFrameworksBuildPhase section */

/* Begin PBXGroup section */
		BD0F0A1F2335FB47005FEEAD /* Generated */ = {
			isa = PBXGroup;
			children = (
				BDE1BF5E233DE8E600AFAD63 /* segues.swift */,
				BD5C3F2523391F380026F1B8 /* assets-images.swift */,
				BDA0E4CD233BAFDD00403703 /* colors.swift */,
				BD5C3F2423391F380026F1B8 /* strings.swift */,
			);
			name = Generated;
			path = Baller/Generated;
			sourceTree = SOURCE_ROOT;
		};
		BD0F0A282335FDD7005FEEAD /* Resources */ = {
			isa = PBXGroup;
			children = (
				BDFA23B52306528500807EB8 /* Assets.xcassets */,
				BDA0E4CF233BB06800403703 /* colors.json */,
				BD0F0A2B2335FEC2005FEEAD /* Localizable.strings */,
			);
			path = Resources;
			sourceTree = "<group>";
		};
		BD8C3A642310100400F8D896 /* Persistence */ = {
			isa = PBXGroup;
			children = (
				BDDAFFF123101F65002B3BEF /* AnswerStoreJSON.swift */,
				BDDAFFEF23101E64002B3BEF /* Storage.swift */,
			);
			name = Persistence;
			sourceTree = "<group>";
		};
		BDDAFFE823101705002B3BEF /* AnswerProvider */ = {
			isa = PBXGroup;
			children = (
				BDDAFFE923101721002B3BEF /* AnswerProvider.swift */,
				BDDAFFEB231017E1002B3BEF /* OnlineAnswerProvider.swift */,
				BDDAFFF323102053002B3BEF /* OfflineAnswerProvider.swift */,
			);
			name = AnswerProvider;
			sourceTree = "<group>";
		};
		BDDAFFF523102185002B3BEF /* Extensions */ = {
			isa = PBXGroup;
			children = (
				BDDAFFF6231021AB002B3BEF /* UIView+Extension.swift */,
				BDDAFFF7231021AB002B3BEF /* UserInputAlert.swift */,
			);
			name = Extensions;
			sourceTree = "<group>";
		};
		BDE1BF4C233DCE2D00AFAD63 /* Scenes */ = {
			isa = PBXGroup;
			children = (
				BDE1BF50233DCFBD00AFAD63 /* Ball */,
				BDE1BF51233DCFD500AFAD63 /* AnswerList */,
			);
			name = Scenes;
			sourceTree = "<group>";
		};
		BDE1BF50233DCFBD00AFAD63 /* Ball */ = {
			isa = PBXGroup;
			children = (
				BDDAFFFA231022E0002B3BEF /* BallViewController.swift */,
				BDE1BF52233DD1EA00AFAD63 /* BallViewModel.swift */,
				BDE1BF66233E1CB600AFAD63 /* BallModel.swift */,
			);
			name = Ball;
			sourceTree = "<group>";
		};
		BDE1BF51233DCFD500AFAD63 /* AnswerList */ = {
			isa = PBXGroup;
			children = (
				BDE1BF5D233DE46F00AFAD63 /* Cells */,
				BDDAFFFE231024D9002B3BEF /* AnswersListController.swift */,
				BDE1BF54233DD24100AFAD63 /* AnswersListViewModel.swift */,
				BDE1BF68233E1CC200AFAD63 /* AnswersListModel.swift */,
			);
			name = AnswerList;
			sourceTree = "<group>";
		};
		BDE1BF5D233DE46F00AFAD63 /* Cells */ = {
			isa = PBXGroup;
			children = (
				BD8C3A5D23100BFD00F8D896 /* AnswerCell.swift */,
			);
			name = Cells;
			sourceTree = "<group>";
		};
		BDE1BF65233E19C600AFAD63 /* Services */ = {
			isa = PBXGroup;
			children = (
				BDDAFFE823101705002B3BEF /* AnswerProvider */,
				BD8C3A642310100400F8D896 /* Persistence */,
			);
			name = Services;
			sourceTree = "<group>";
		};
		BDFA23A22306528300807EB8 = {
			isa = PBXGroup;
			children = (
				BDFA23AD2306528400807EB8 /* Baller */,
				BDFA23AC2306528400807EB8 /* Products */,
				DDD3DE25050FE0836CDC411D /* Pods */,
				DCD5CB7792EC659157D97320 /* Frameworks */,
			);
			sourceTree = "<group>";
		};
		BDFA23AC2306528400807EB8 /* Products */ = {
			isa = PBXGroup;
			children = (
				BDFA23AB2306528400807EB8 /* Baller.app */,
			);
			name = Products;
			sourceTree = "<group>";
		};
		BDFA23AD2306528400807EB8 /* Baller */ = {
			isa = PBXGroup;
			children = (
				BDFA23AE2306528400807EB8 /* AppDelegate.swift */,
				BDAD481B233F313200782B74 /* DependencyContainer.swift */,
				BDE1BF4C233DCE2D00AFAD63 /* Scenes */,
				BDE1BF65233E19C600AFAD63 /* Services */,
				BDFA23C22306538400807EB8 /* Models */,
				BDDAFFF523102185002B3BEF /* Extensions */,
				BDFA23C3230653B900807EB8 /* Support */,
			);
			path = Baller;
			sourceTree = "<group>";
		};
		BDFA23C22306538400807EB8 /* Models */ = {
			isa = PBXGroup;
			children = (
				BD8C3A67231011A700F8D896 /* Answer.swift */,
				BDE1BF6A233E20D800AFAD63 /* PresentableAnswer.swift */,
			);
			name = Models;
			sourceTree = "<group>";
		};
		BDFA23C3230653B900807EB8 /* Support */ = {
			isa = PBXGroup;
			children = (
				BD0F0A282335FDD7005FEEAD /* Resources */,
				BD0F0A1F2335FB47005FEEAD /* Generated */,
				BDE1BF5A233DE38E00AFAD63 /* Main.storyboard */,
				BD8B4145231034AD001A3698 /* .swiftlint.yml */,
				BD0F0A222335FB8E005FEEAD /* swiftgen.yml */,
				BD3DD1D423360DAC00AC8B2A /* .gitignore */,
				BDDAFFF823102290002B3BEF /* defaultAnswers.txt */,
				BD8C3A6223100E4A00F8D896 /* LaunchScreen.storyboard */,
				BDFA23BA2306528500807EB8 /* Info.plist */,
			);
			name = Support;
			sourceTree = "<group>";
		};
		DCD5CB7792EC659157D97320 /* Frameworks */ = {
			isa = PBXGroup;
			children = (
				A62C25DE1C97F505701A5666 /* Pods_Baller.framework */,
			);
			name = Frameworks;
			sourceTree = "<group>";
		};
		DDD3DE25050FE0836CDC411D /* Pods */ = {
			isa = PBXGroup;
			children = (
				C0F2C387B5651EF1721E7A43 /* Pods-Baller.debug.xcconfig */,
				C8516DAD31581E3105E51C2F /* Pods-Baller.release.xcconfig */,
			);
			path = Pods;
			sourceTree = "<group>";
		};
/* End PBXGroup section */

/* Begin PBXNativeTarget section */
		BDFA23AA2306528300807EB8 /* Baller */ = {
			isa = PBXNativeTarget;
			buildConfigurationList = BDFA23BD2306528500807EB8 /* Build configuration list for PBXNativeTarget "Baller" */;
			buildPhases = (
				BD0F0A192335F322005FEEAD /* SwiftGen */,
				BAEA1D8D824F3A4CA10EE908 /* [CP] Check Pods Manifest.lock */,
				BDFA23A72306528300807EB8 /* Sources */,
				BDFA23A82306528300807EB8 /* Frameworks */,
				BDFA23A92306528300807EB8 /* Resources */,
				BD8C3A5F23100CDC00F8D896 /* ShellScript */,
				99C7841F61AB0E20426B775C /* [CP] Embed Pods Frameworks */,
			);
			buildRules = (
			);
			dependencies = (
			);
			name = Baller;
			productName = Baller;
			productReference = BDFA23AB2306528400807EB8 /* Baller.app */;
			productType = "com.apple.product-type.application";
		};
/* End PBXNativeTarget section */

/* Begin PBXProject section */
		BDFA23A32306528300807EB8 /* Project object */ = {
			isa = PBXProject;
			attributes = {
				LastSwiftUpdateCheck = 1030;
				LastUpgradeCheck = 1030;
				ORGANIZATIONNAME = "Богдан Ткаченко";
				TargetAttributes = {
					BDFA23AA2306528300807EB8 = {
						CreatedOnToolsVersion = 10.3;
					};
				};
			};
			buildConfigurationList = BDFA23A62306528300807EB8 /* Build configuration list for PBXProject "Baller" */;
			compatibilityVersion = "Xcode 9.3";
			developmentRegion = en;
			hasScannedForEncodings = 0;
			knownRegions = (
				en,
				Base,
			);
			mainGroup = BDFA23A22306528300807EB8;
			productRefGroup = BDFA23AC2306528400807EB8 /* Products */;
			projectDirPath = "";
			projectRoot = "";
			targets = (
				BDFA23AA2306528300807EB8 /* Baller */,
			);
		};
/* End PBXProject section */

/* Begin PBXResourcesBuildPhase section */
		BDFA23A92306528300807EB8 /* Resources */ = {
			isa = PBXResourcesBuildPhase;
			buildActionMask = 2147483647;
			files = (
				BD8C3A6323100F1500F8D896 /* LaunchScreen.storyboard in Resources */,
				BD3DD1D523360DAC00AC8B2A /* .gitignore in Resources */,
				BD0F0A2C2335FEC2005FEEAD /* Localizable.strings in Resources */,
				BDE1BF5B233DE38E00AFAD63 /* Main.storyboard in Resources */,
				BD0F0A232335FB8E005FEEAD /* swiftgen.yml in Resources */,
				BDFA23B62306528500807EB8 /* Assets.xcassets in Resources */,
				BDA0E4D0233BB06800403703 /* colors.json in Resources */,
				BDDAFFF923102290002B3BEF /* defaultAnswers.txt in Resources */,
			);
			runOnlyForDeploymentPostprocessing = 0;
		};
/* End PBXResourcesBuildPhase section */

/* Begin PBXShellScriptBuildPhase section */
		99C7841F61AB0E20426B775C /* [CP] Embed Pods Frameworks */ = {
			isa = PBXShellScriptBuildPhase;
			buildActionMask = 2147483647;
			files = (
			);
			inputFileListPaths = (
				"${PODS_ROOT}/Target Support Files/Pods-Baller/Pods-Baller-frameworks-${CONFIGURATION}-input-files.xcfilelist",
			);
			name = "[CP] Embed Pods Frameworks";
			outputFileListPaths = (
				"${PODS_ROOT}/Target Support Files/Pods-Baller/Pods-Baller-frameworks-${CONFIGURATION}-output-files.xcfilelist",
			);
			runOnlyForDeploymentPostprocessing = 0;
			shellPath = /bin/sh;
			shellScript = "\"${PODS_ROOT}/Target Support Files/Pods-Baller/Pods-Baller-frameworks.sh\"\n";
			showEnvVarsInLog = 0;
		};
		BAEA1D8D824F3A4CA10EE908 /* [CP] Check Pods Manifest.lock */ = {
			isa = PBXShellScriptBuildPhase;
			buildActionMask = 2147483647;
			files = (
			);
			inputFileListPaths = (
			);
			inputPaths = (
				"${PODS_PODFILE_DIR_PATH}/Podfile.lock",
				"${PODS_ROOT}/Manifest.lock",
			);
			name = "[CP] Check Pods Manifest.lock";
			outputFileListPaths = (
			);
			outputPaths = (
				"$(DERIVED_FILE_DIR)/Pods-Baller-checkManifestLockResult.txt",
			);
			runOnlyForDeploymentPostprocessing = 0;
			shellPath = /bin/sh;
			shellScript = "diff \"${PODS_PODFILE_DIR_PATH}/Podfile.lock\" \"${PODS_ROOT}/Manifest.lock\" > /dev/null\nif [ $? != 0 ] ; then\n    # print error to STDERR\n    echo \"error: The sandbox is not in sync with the Podfile.lock. Run 'pod install' or update your CocoaPods installation.\" >&2\n    exit 1\nfi\n# This output is used by Xcode 'outputs' to avoid re-running this script phase.\necho \"SUCCESS\" > \"${SCRIPT_OUTPUT_FILE_0}\"\n";
			showEnvVarsInLog = 0;
		};
		BD0F0A192335F322005FEEAD /* SwiftGen */ = {
			isa = PBXShellScriptBuildPhase;
			buildActionMask = 2147483647;
			files = (
			);
			inputFileListPaths = (
			);
			inputPaths = (
			);
			name = SwiftGen;
			outputFileListPaths = (
			);
			outputPaths = (
			);
			runOnlyForDeploymentPostprocessing = 0;
			shellPath = /bin/sh;
			shellScript = "$PODS_ROOT/SwiftGen/bin/swiftgen  \n\n";
		};
		BD8C3A5F23100CDC00F8D896 /* ShellScript */ = {
			isa = PBXShellScriptBuildPhase;
			buildActionMask = 2147483647;
			files = (
			);
			inputFileListPaths = (
			);
			inputPaths = (
			);
			outputFileListPaths = (
			);
			outputPaths = (
			);
			runOnlyForDeploymentPostprocessing = 0;
			shellPath = /bin/sh;
			shellScript = "if which swiftlint >/dev/null; then\nswiftlint\nelse\necho \"warning: SwiftLint not installed, download from https://github.com/realm/SwiftLint\"\nfi\n";
		};
/* End PBXShellScriptBuildPhase section */

/* Begin PBXSourcesBuildPhase section */
		BDFA23A72306528300807EB8 /* Sources */ = {
			isa = PBXSourcesBuildPhase;
			buildActionMask = 2147483647;
			files = (
				BDA0E4CE233BAFDD00403703 /* colors.swift in Sources */,
				BD5C3F2723391F380026F1B8 /* assets-images.swift in Sources */,
				BDDAFFFF231024D9002B3BEF /* AnswersListController.swift in Sources */,
				BDE1BF6B233E20D800AFAD63 /* PresentableAnswer.swift in Sources */,
				BDE1BF5F233DE8E600AFAD63 /* segues.swift in Sources */,
				BDDAFFFC23102313002B3BEF /* UIView+Extension.swift in Sources */,
				BDE1BF55233DD24100AFAD63 /* AnswersListViewModel.swift in Sources */,
				BDE1BF67233E1CB600AFAD63 /* BallModel.swift in Sources */,
				BDDAFFFD23102315002B3BEF /* UserInputAlert.swift in Sources */,
				BDDAFFEC231017E1002B3BEF /* OnlineAnswerProvider.swift in Sources */,
				BDFA23AF2306528400807EB8 /* AppDelegate.swift in Sources */,
				BDE1BF53233DD1EA00AFAD63 /* BallViewModel.swift in Sources */,
				BDDAFFF223101F65002B3BEF /* AnswerStoreJSON.swift in Sources */,
				BD8C3A5E23100BFD00F8D896 /* AnswerCell.swift in Sources */,
				BDDAFFF023101E64002B3BEF /* Storage.swift in Sources */,
				BDDAFFEA23101721002B3BEF /* AnswerProvider.swift in Sources */,
				BDAD481C233F313200782B74 /* DependencyContainer.swift in Sources */,
				BDE1BF69233E1CC200AFAD63 /* AnswersListModel.swift in Sources */,
				BDDAFFF423102053002B3BEF /* OfflineAnswerProvider.swift in Sources */,
				BD8C3A68231011A800F8D896 /* Answer.swift in Sources */,
				BD5C3F2623391F380026F1B8 /* strings.swift in Sources */,
				BDDAFFFB231022E0002B3BEF /* BallViewController.swift in Sources */,
			);
			runOnlyForDeploymentPostprocessing = 0;
		};
/* End PBXSourcesBuildPhase section */

/* Begin XCBuildConfiguration section */
		BDFA23BB2306528500807EB8 /* Debug */ = {
			isa = XCBuildConfiguration;
			buildSettings = {
				ALWAYS_SEARCH_USER_PATHS = NO;
				CLANG_ANALYZER_NONNULL = YES;
				CLANG_ANALYZER_NUMBER_OBJECT_CONVERSION = YES_AGGRESSIVE;
				CLANG_CXX_LANGUAGE_STANDARD = "gnu++14";
				CLANG_CXX_LIBRARY = "libc++";
				CLANG_ENABLE_MODULES = YES;
				CLANG_ENABLE_OBJC_ARC = YES;
				CLANG_ENABLE_OBJC_WEAK = YES;
				CLANG_WARN_BLOCK_CAPTURE_AUTORELEASING = YES;
				CLANG_WARN_BOOL_CONVERSION = YES;
				CLANG_WARN_COMMA = YES;
				CLANG_WARN_CONSTANT_CONVERSION = YES;
				CLANG_WARN_DEPRECATED_OBJC_IMPLEMENTATIONS = YES;
				CLANG_WARN_DIRECT_OBJC_ISA_USAGE = YES_ERROR;
				CLANG_WARN_DOCUMENTATION_COMMENTS = YES;
				CLANG_WARN_EMPTY_BODY = YES;
				CLANG_WARN_ENUM_CONVERSION = YES;
				CLANG_WARN_INFINITE_RECURSION = YES;
				CLANG_WARN_INT_CONVERSION = YES;
				CLANG_WARN_NON_LITERAL_NULL_CONVERSION = YES;
				CLANG_WARN_OBJC_IMPLICIT_RETAIN_SELF = YES;
				CLANG_WARN_OBJC_LITERAL_CONVERSION = YES;
				CLANG_WARN_OBJC_ROOT_CLASS = YES_ERROR;
				CLANG_WARN_RANGE_LOOP_ANALYSIS = YES;
				CLANG_WARN_STRICT_PROTOTYPES = YES;
				CLANG_WARN_SUSPICIOUS_MOVE = YES;
				CLANG_WARN_UNGUARDED_AVAILABILITY = YES_AGGRESSIVE;
				CLANG_WARN_UNREACHABLE_CODE = YES;
				CLANG_WARN__DUPLICATE_METHOD_MATCH = YES;
				CODE_SIGN_IDENTITY = "iPhone Developer";
				COPY_PHASE_STRIP = NO;
				DEBUG_INFORMATION_FORMAT = dwarf;
				ENABLE_STRICT_OBJC_MSGSEND = YES;
				ENABLE_TESTABILITY = YES;
				GCC_C_LANGUAGE_STANDARD = gnu11;
				GCC_DYNAMIC_NO_PIC = NO;
				GCC_NO_COMMON_BLOCKS = YES;
				GCC_OPTIMIZATION_LEVEL = 0;
				GCC_PREPROCESSOR_DEFINITIONS = (
					"DEBUG=1",
					"$(inherited)",
				);
				GCC_WARN_64_TO_32_BIT_CONVERSION = YES;
				GCC_WARN_ABOUT_RETURN_TYPE = YES_ERROR;
				GCC_WARN_UNDECLARED_SELECTOR = YES;
				GCC_WARN_UNINITIALIZED_AUTOS = YES_AGGRESSIVE;
				GCC_WARN_UNUSED_FUNCTION = YES;
				GCC_WARN_UNUSED_VARIABLE = YES;
				IPHONEOS_DEPLOYMENT_TARGET = 12.4;
				MTL_ENABLE_DEBUG_INFO = INCLUDE_SOURCE;
				MTL_FAST_MATH = YES;
				ONLY_ACTIVE_ARCH = YES;
				SDKROOT = iphoneos;
				SWIFT_ACTIVE_COMPILATION_CONDITIONS = DEBUG;
				SWIFT_OPTIMIZATION_LEVEL = "-Onone";
			};
			name = Debug;
		};
		BDFA23BC2306528500807EB8 /* Release */ = {
			isa = XCBuildConfiguration;
			buildSettings = {
				ALWAYS_SEARCH_USER_PATHS = NO;
				CLANG_ANALYZER_NONNULL = YES;
				CLANG_ANALYZER_NUMBER_OBJECT_CONVERSION = YES_AGGRESSIVE;
				CLANG_CXX_LANGUAGE_STANDARD = "gnu++14";
				CLANG_CXX_LIBRARY = "libc++";
				CLANG_ENABLE_MODULES = YES;
				CLANG_ENABLE_OBJC_ARC = YES;
				CLANG_ENABLE_OBJC_WEAK = YES;
				CLANG_WARN_BLOCK_CAPTURE_AUTORELEASING = YES;
				CLANG_WARN_BOOL_CONVERSION = YES;
				CLANG_WARN_COMMA = YES;
				CLANG_WARN_CONSTANT_CONVERSION = YES;
				CLANG_WARN_DEPRECATED_OBJC_IMPLEMENTATIONS = YES;
				CLANG_WARN_DIRECT_OBJC_ISA_USAGE = YES_ERROR;
				CLANG_WARN_DOCUMENTATION_COMMENTS = YES;
				CLANG_WARN_EMPTY_BODY = YES;
				CLANG_WARN_ENUM_CONVERSION = YES;
				CLANG_WARN_INFINITE_RECURSION = YES;
				CLANG_WARN_INT_CONVERSION = YES;
				CLANG_WARN_NON_LITERAL_NULL_CONVERSION = YES;
				CLANG_WARN_OBJC_IMPLICIT_RETAIN_SELF = YES;
				CLANG_WARN_OBJC_LITERAL_CONVERSION = YES;
				CLANG_WARN_OBJC_ROOT_CLASS = YES_ERROR;
				CLANG_WARN_RANGE_LOOP_ANALYSIS = YES;
				CLANG_WARN_STRICT_PROTOTYPES = YES;
				CLANG_WARN_SUSPICIOUS_MOVE = YES;
				CLANG_WARN_UNGUARDED_AVAILABILITY = YES_AGGRESSIVE;
				CLANG_WARN_UNREACHABLE_CODE = YES;
				CLANG_WARN__DUPLICATE_METHOD_MATCH = YES;
				CODE_SIGN_IDENTITY = "iPhone Developer";
				COPY_PHASE_STRIP = NO;
				DEBUG_INFORMATION_FORMAT = "dwarf-with-dsym";
				ENABLE_NS_ASSERTIONS = NO;
				ENABLE_STRICT_OBJC_MSGSEND = YES;
				GCC_C_LANGUAGE_STANDARD = gnu11;
				GCC_NO_COMMON_BLOCKS = YES;
				GCC_WARN_64_TO_32_BIT_CONVERSION = YES;
				GCC_WARN_ABOUT_RETURN_TYPE = YES_ERROR;
				GCC_WARN_UNDECLARED_SELECTOR = YES;
				GCC_WARN_UNINITIALIZED_AUTOS = YES_AGGRESSIVE;
				GCC_WARN_UNUSED_FUNCTION = YES;
				GCC_WARN_UNUSED_VARIABLE = YES;
				IPHONEOS_DEPLOYMENT_TARGET = 12.4;
				MTL_ENABLE_DEBUG_INFO = NO;
				MTL_FAST_MATH = YES;
				SDKROOT = iphoneos;
				SWIFT_COMPILATION_MODE = wholemodule;
				SWIFT_OPTIMIZATION_LEVEL = "-O";
				VALIDATE_PRODUCT = YES;
			};
			name = Release;
		};
		BDFA23BE2306528500807EB8 /* Debug */ = {
			isa = XCBuildConfiguration;
			baseConfigurationReference = C0F2C387B5651EF1721E7A43 /* Pods-Baller.debug.xcconfig */;
			buildSettings = {
				ASSETCATALOG_COMPILER_APPICON_NAME = AppIcon;
				CODE_SIGN_IDENTITY = "Apple Development";
				CODE_SIGN_STYLE = Automatic;
				DEVELOPMENT_TEAM = 6Z2C223GKF;
				INFOPLIST_FILE = Baller/Info.plist;
				IPHONEOS_DEPLOYMENT_TARGET = 12.4;
				LD_RUNPATH_SEARCH_PATHS = (
					"$(inherited)",
					"@executable_path/Frameworks",
				);
				PRODUCT_BUNDLE_IDENTIFIER = bogdantkachenko.com.Baller;
				PRODUCT_NAME = "$(TARGET_NAME)";
				PROVISIONING_PROFILE_SPECIFIER = "";
				SWIFT_VERSION = 5.0;
				TARGETED_DEVICE_FAMILY = 1;
			};
			name = Debug;
		};
		BDFA23BF2306528500807EB8 /* Release */ = {
			isa = XCBuildConfiguration;
			baseConfigurationReference = C8516DAD31581E3105E51C2F /* Pods-Baller.release.xcconfig */;
			buildSettings = {
				ASSETCATALOG_COMPILER_APPICON_NAME = AppIcon;
				CODE_SIGN_IDENTITY = "Apple Development";
				CODE_SIGN_STYLE = Automatic;
				DEVELOPMENT_TEAM = 6Z2C223GKF;
				INFOPLIST_FILE = Baller/Info.plist;
				IPHONEOS_DEPLOYMENT_TARGET = 12.4;
				LD_RUNPATH_SEARCH_PATHS = (
					"$(inherited)",
					"@executable_path/Frameworks",
				);
				PRODUCT_BUNDLE_IDENTIFIER = bogdantkachenko.com.Baller;
				PRODUCT_NAME = "$(TARGET_NAME)";
				PROVISIONING_PROFILE_SPECIFIER = "";
				SWIFT_VERSION = 5.0;
				TARGETED_DEVICE_FAMILY = 1;
			};
			name = Release;
		};
/* End XCBuildConfiguration section */

/* Begin XCConfigurationList section */
		BDFA23A62306528300807EB8 /* Build configuration list for PBXProject "Baller" */ = {
			isa = XCConfigurationList;
			buildConfigurations = (
				BDFA23BB2306528500807EB8 /* Debug */,
				BDFA23BC2306528500807EB8 /* Release */,
			);
			defaultConfigurationIsVisible = 0;
			defaultConfigurationName = Release;
		};
		BDFA23BD2306528500807EB8 /* Build configuration list for PBXNativeTarget "Baller" */ = {
			isa = XCConfigurationList;
			buildConfigurations = (
				BDFA23BE2306528500807EB8 /* Debug */,
				BDFA23BF2306528500807EB8 /* Release */,
			);
			defaultConfigurationIsVisible = 0;
			defaultConfigurationName = Release;
		};
/* End XCConfigurationList section */
	};
	rootObject = BDFA23A32306528300807EB8 /* Project object */;
}
