PODS:
  - Alamofire (5.0.0-rc.2)
  - Realm (3.18.0):
    - Realm/Headers (= 3.18.0)
  - Realm/Headers (3.18.0)
  - RealmSwift (3.18.0):
    - Realm (= 3.18.0)
  - SnapKit (5.0.1)
  - SwiftGen (6.1.0)
  - SwiftKeychainWrapper (3.4.0)

DEPENDENCIES:
  - Alamofire (~> 5.0.0-beta.5)
  - RealmSwift
  - SnapKit (~> 5.0.0)
  - SwiftGen (~> 6.0)
  - SwiftKeychainWrapper (~> 3.0)

SPEC REPOS:
  trunk:
    - Alamofire
    - Realm
    - RealmSwift
    - SnapKit
    - SwiftGen
    - SwiftKeychainWrapper

SPEC CHECKSUMS:
  Alamofire: f9450d3c7f6bea2ad62e7a541c3e9b186c7991d6
  Realm: 7b3d04740facf45e958a514b466a32b04f1113d6
  RealmSwift: c817b5f374668cf08f649afb05f55d92a787649c
  SnapKit: 97b92857e3df3a0c71833cce143274bf6ef8e5eb
  SwiftGen: f872ca75cbd17bf7103c17f13dcfa0d9a15667b0
  SwiftKeychainWrapper: 6fc49fbf7d4a6b0772917acb0e53a1639f6078d6

PODFILE CHECKSUM: 4fad589062158737b74d2514304bc626478a37e0

COCOAPODS: 1.8.3
